github.com/dim13/colormap v0.0.0-20200419222349-6bb176068094 h1:Rzo8uDDabMfbtEDtZL+vBywK1WceLtS/kUjASSlfFYQ=
github.com/dim13/colormap v0.0.0-20200419222349-6bb176068094/go.mod h1:QHF3Cho+GvHSiTXFYtUIY/OkvOECpNrJF9p85x7EBEw=
github.com/zephyrtronium/crazy v0.0.0-20191212030909-211cdf2ffde5 h1:asgg11Ien+5nzHwMDH5Iry/UWEkN33X6MBVtaR27/I8=
github.com/zephyrtronium/crazy v0.0.0-20191212030909-211cdf2ffde5/go.mod h1:6edrsMVDX4Dg5y7q77duwwsmIwd4yihyMHNPIvXzUdo=
golang.org/x/image v0.0.0-20200618115811-c13761719519 h1:1e2ufUJNM3lCHEY5jIgac/7UTjd6cgJNdatjPdFWf34=
golang.org/x/image v0.0.0-20200618115811-c13761719519/go.mod h1:FeLwcggjj3mMvU+oOTbSwawSJRM1uh48EjtB4UJZlP0=
golang.org/x/text v0.3.0/go.mod h1:NqM8EUOU14njkJ3fqMW+pc6Ldnwhi/IjpwHt7yyuwOQ=
